# This file was autogenerated by Stack.
# You should not edit this file by hand.
# For more information, please see the documentation at:
#   https://docs.haskellstack.org/en/stable/lock_files

packages:
- completed:
    hackage: geojson-4.1.1@sha256:f450e81d4fe1993f97c7cdb2b9743d54d2621c37b67d8a89536e5e09d33fd737,4233
    pantry-tree:
      sha256: 0a1c1e2c6533b27efd472de9931e99d5cd05e0db568840e6e6dc014c8a2591cd
      size: 2376
  original:
    hackage: geojson-4.1.1@sha256:f450e81d4fe1993f97c7cdb2b9743d54d2621c37b67d8a89536e5e09d33fd737,4233
- completed:
    hackage: reanimate-svg-0.13.0.1@sha256:260957e61e2e290a6cbca1d129fa0da66d624a224d0016d3bdc76fa210c70cbd,2950
    pantry-tree:
      sha256: 93a217570c21431d5c9cf369058c8227aa1dee3a506edfed324550969c55a685
      size: 39432
  original:
    hackage: reanimate-svg-0.13.0.1@sha256:260957e61e2e290a6cbca1d129fa0da66d624a224d0016d3bdc76fa210c70cbd,2950
- completed:
    hackage: validation-1.1.3@sha256:e2496d01639d5b8ab1dcf4b1dcf93e3d1380b6f793c4eef18ffc082eead17cf0,3573
    pantry-tree:
      sha256: 5568b8f135d2c0a3d28813d48f254fca228b4cdec2996ff409717b6a40022164
      size: 343
  original:
    hackage: validation-1.1.3@sha256:e2496d01639d5b8ab1dcf4b1dcf93e3d1380b6f793c4eef18ffc082eead17cf0,3573
snapshots:
- completed:
    sha256: afd5ba64ab602cabc2d3942d3d7e7dd6311bc626dcb415b901eaf576cb62f0ea
    size: 640060
    url: https://raw.githubusercontent.com/commercialhaskell/stackage-snapshots/master/lts/21/22.yaml
  original: lts-21.22
